
Microsoft Visual Studio Solution File, Format Version 12.00
# Visual Studio Version 17
VisualStudioVersion = 17.4.33205.214
MinimumVisualStudioVersion = 10.0.40219.1
Project("{FAE04EC0-301F-11D3-BF4B-00C04F79EFBC}") = "cs_lab6", "cs_lab6.csproj", "{72F0DAEC-188A-461F-9A65-38F8D54EE7BB}"
EndProject
Global
	GlobalSection(SolutionConfigurationPlatforms) = preSolution
		Debug|Any CPU = Debug|Any CPU
		Release|Any CPU = Release|Any CPU
	EndGlobalSection
	GlobalSection(ProjectConfigurationPlatforms) = postSolution
		{72F0DAEC-188A-461F-9A65-38F8D54EE7BB}.Debug|Any CPU.ActiveCfg = Debug|Any CPU
		{72F0DAEC-188A-461F-9A65-38F8D54EE7BB}.Debug|Any CPU.Build.0 = Debug|Any CPU
		{72F0DAEC-188A-461F-9A65-38F8D54EE7BB}.Release|Any CPU.ActiveCfg = Release|Any CPU
		{72F0DAEC-188A-461F-9A65-38F8D54EE7BB}.Release|Any CPU.Build.0 = Release|Any CPU
	EndGlobalSection
	GlobalSection(SolutionProperties) = preSolution
		HideSolutionNode = FALSE
	EndGlobalSection
	GlobalSection(ExtensibilityGlobals) = postSolution
		SolutionGuid = {99E9E1B4-794A-4D0F-9E7A-9C9D9A44E751}
	EndGlobalSection
EndGlobal
